
Microsoft Visual Studio Solution File, Format Version 12.00
# Visual Studio Version 16
VisualStudioVersion = 16.0.29728.190
MinimumVisualStudioVersion = 10.0.40219.1
Project("{FAE04EC0-301F-11D3-BF4B-00C04F79EFBC}") = "ConsoleApp3", "ConsoleApp3\ConsoleApp3.csproj", "{B4413D2A-B936-4022-A9F3-6638BA3A7F6E}"
EndProject
Global
	GlobalSection(SolutionConfigurationPlatforms) = preSolution
		Debug|Any CPU = Debug|Any CPU
		Release|Any CPU = Release|Any CPU
	EndGlobalSection
	GlobalSection(ProjectConfigurationPlatforms) = postSolution
		{B4413D2A-B936-4022-A9F3-6638BA3A7F6E}.Debug|Any CPU.ActiveCfg = Debug|Any CPU
		{B4413D2A-B936-4022-A9F3-6638BA3A7F6E}.Debug|Any CPU.Build.0 = Debug|Any CPU
		{B4413D2A-B936-4022-A9F3-6638BA3A7F6E}.Release|Any CPU.ActiveCfg = Release|Any CPU
		{B4413D2A-B936-4022-A9F3-6638BA3A7F6E}.Release|Any CPU.Build.0 = Release|Any CPU
	EndGlobalSection
	GlobalSection(SolutionProperties) = preSolution
		HideSolutionNode = FALSE
	EndGlobalSection
	GlobalSection(ExtensibilityGlobals) = postSolution
		SolutionGuid = {59691104-2186-42E4-A1C0-334CA0FDC7E0}
	EndGlobalSection
EndGlobal
