
Microsoft Visual Studio Solution File, Format Version 12.00
# Visual Studio Version 16
VisualStudioVersion = 16.0.29728.190
MinimumVisualStudioVersion = 10.0.40219.1
Project("{FAE04EC0-301F-11D3-BF4B-00C04F79EFBC}") = "Animation", "Animation.csproj", "{A36C2034-6705-4BCF-8F97-C28CDA754FA3}"
EndProject
Global
	GlobalSection(SolutionConfigurationPlatforms) = preSolution
		Debug|Any CPU = Debug|Any CPU
		Release|Any CPU = Release|Any CPU
	EndGlobalSection
	GlobalSection(ProjectConfigurationPlatforms) = postSolution
		{A36C2034-6705-4BCF-8F97-C28CDA754FA3}.Debug|Any CPU.ActiveCfg = Debug|Any CPU
		{A36C2034-6705-4BCF-8F97-C28CDA754FA3}.Debug|Any CPU.Build.0 = Debug|Any CPU
		{A36C2034-6705-4BCF-8F97-C28CDA754FA3}.Release|Any CPU.ActiveCfg = Release|Any CPU
		{A36C2034-6705-4BCF-8F97-C28CDA754FA3}.Release|Any CPU.Build.0 = Release|Any CPU
	EndGlobalSection
	GlobalSection(SolutionProperties) = preSolution
		HideSolutionNode = FALSE
	EndGlobalSection
	GlobalSection(ExtensibilityGlobals) = postSolution
		SolutionGuid = {CA4F41E6-A0FB-4F13-A9DD-6BB2C08F81CD}
	EndGlobalSection
EndGlobal
