
Microsoft Visual Studio Solution File, Format Version 12.00
# Visual Studio Version 16
VisualStudioVersion = 16.0.29728.190
MinimumVisualStudioVersion = 10.0.40219.1
Project("{FAE04EC0-301F-11D3-BF4B-00C04F79EFBC}") = "ViborSort", "ViborSort\ViborSort.csproj", "{0FB231DE-F45A-45AD-B08C-10742D0D46C2}"
EndProject
Global
	GlobalSection(SolutionConfigurationPlatforms) = preSolution
		Debug|Any CPU = Debug|Any CPU
		Release|Any CPU = Release|Any CPU
	EndGlobalSection
	GlobalSection(ProjectConfigurationPlatforms) = postSolution
		{0FB231DE-F45A-45AD-B08C-10742D0D46C2}.Debug|Any CPU.ActiveCfg = Debug|Any CPU
		{0FB231DE-F45A-45AD-B08C-10742D0D46C2}.Debug|Any CPU.Build.0 = Debug|Any CPU
		{0FB231DE-F45A-45AD-B08C-10742D0D46C2}.Release|Any CPU.ActiveCfg = Release|Any CPU
		{0FB231DE-F45A-45AD-B08C-10742D0D46C2}.Release|Any CPU.Build.0 = Release|Any CPU
	EndGlobalSection
	GlobalSection(SolutionProperties) = preSolution
		HideSolutionNode = FALSE
	EndGlobalSection
	GlobalSection(ExtensibilityGlobals) = postSolution
		SolutionGuid = {E057E975-5AB1-4F69-8094-6F9EB6D6B36B}
	EndGlobalSection
EndGlobal
